
Microsoft Visual Studio Solution File, Format Version 12.00
# Visual Studio 15
VisualStudioVersion = 15.0.28307.329
MinimumVisualStudioVersion = 10.0.40219.1
Project("{FAE04EC0-301F-11D3-BF4B-00C04F79EFBC}") = "MazeUI", "MazeUI\MazeUI.csproj", "{F7E0E70B-E4BA-437A-B35B-DB4975A9820D}"
EndProject
Global
	GlobalSection(SolutionConfigurationPlatforms) = preSolution
		Debug|Any CPU = Debug|Any CPU
		Release|Any CPU = Release|Any CPU
	EndGlobalSection
	GlobalSection(ProjectConfigurationPlatforms) = postSolution
		{F7E0E70B-E4BA-437A-B35B-DB4975A9820D}.Debug|Any CPU.ActiveCfg = Debug|Any CPU
		{F7E0E70B-E4BA-437A-B35B-DB4975A9820D}.Debug|Any CPU.Build.0 = Debug|Any CPU
		{F7E0E70B-E4BA-437A-B35B-DB4975A9820D}.Release|Any CPU.ActiveCfg = Release|Any CPU
		{F7E0E70B-E4BA-437A-B35B-DB4975A9820D}.Release|Any CPU.Build.0 = Release|Any CPU
	EndGlobalSection
	GlobalSection(SolutionProperties) = preSolution
		HideSolutionNode = FALSE
	EndGlobalSection
	GlobalSection(ExtensibilityGlobals) = postSolution
		SolutionGuid = {AB0A2F15-DD54-4C4D-9B42-F9794E994570}
	EndGlobalSection
EndGlobal
